// !$*UTF8*$!
{
	archiveVersion = 1;
	classes = {
	};
	objectVersion = 46;
	objects = {

/* Begin PBXBuildFile section */
		605E5BCE1DE4946200521E83 /* TesseractTests.swift in Sources */ = {isa = PBXBuildFile; fileRef = 605E5BCD1DE4946200521E83 /* TesseractTests.swift */; };
		605E5BD91DE4946200521E83 /* TesseractUITests.swift in Sources */ = {isa = PBXBuildFile; fileRef = 605E5BD81DE4946200521E83 /* TesseractUITests.swift */; };
		605E5BE71DE4958400521E83 /* Macros.swift in Sources */ = {isa = PBXBuildFile; fileRef = 605E5BE61DE4958400521E83 /* Macros.swift */; };
		60A15CBB1DE52D6E001A9BB4 /* Info.plist in Resources */ = {isa = PBXBuildFile; fileRef = 60A15CBA1DE52D6E001A9BB4 /* Info.plist */; };
/* End PBXBuildFile section */

/* Begin PBXContainerItemProxy section */
		605E5BCA1DE4946200521E83 /* PBXContainerItemProxy */ = {
			isa = PBXContainerItemProxy;
			containerPortal = 605E5BAD1DE4946100521E83 /* Project object */;
			proxyType = 1;
			remoteGlobalIDString = 605E5BB41DE4946100521E83;
			remoteInfo = Tesseract;
		};
		605E5BD51DE4946200521E83 /* PBXContainerItemProxy */ = {
			isa = PBXContainerItemProxy;
			containerPortal = 605E5BAD1DE4946100521E83 /* Project object */;
			proxyType = 1;
			remoteGlobalIDString = 605E5BB41DE4946100521E83;
			remoteInfo = Tesseract;
		};
/* End PBXContainerItemProxy section */

/* Begin PBXFileReference section */
		605E5BB51DE4946100521E83 /* Tesseract.app */ = {isa = PBXFileReference; explicitFileType = wrapper.application; includeInIndex = 0; path = Tesseract.app; sourceTree = BUILT_PRODUCTS_DIR; };
		605E5BC91DE4946200521E83 /* TesseractTests.xctest */ = {isa = PBXFileReference; explicitFileType = wrapper.cfbundle; includeInIndex = 0; path = TesseractTests.xctest; sourceTree = BUILT_PRODUCTS_DIR; };
		605E5BCD1DE4946200521E83 /* TesseractTests.swift */ = {isa = PBXFileReference; lastKnownFileType = sourcecode.swift; path = TesseractTests.swift; sourceTree = "<group>"; };
		605E5BCF1DE4946200521E83 /* Info.plist */ = {isa = PBXFileReference; lastKnownFileType = text.plist.xml; path = Info.plist; sourceTree = "<group>"; };
		605E5BD41DE4946200521E83 /* TesseractUITests.xctest */ = {isa = PBXFileReference; explicitFileType = wrapper.cfbundle; includeInIndex = 0; path = TesseractUITests.xctest; sourceTree = BUILT_PRODUCTS_DIR; };
		605E5BD81DE4946200521E83 /* TesseractUITests.swift */ = {isa = PBXFileReference; lastKnownFileType = sourcecode.swift; path = TesseractUITests.swift; sourceTree = "<group>"; };
		605E5BDA1DE4946200521E83 /* Info.plist */ = {isa = PBXFileReference; lastKnownFileType = text.plist.xml; path = Info.plist; sourceTree = "<group>"; };
		605E5BE61DE4958400521E83 /* Macros.swift */ = {isa = PBXFileReference; fileEncoding = 4; lastKnownFileType = sourcecode.swift; path = Macros.swift; sourceTree = "<group>"; };
		60A15CBA1DE52D6E001A9BB4 /* Info.plist */ = {isa = PBXFileReference; fileEncoding = 4; lastKnownFileType = text.plist.xml; path = Info.plist; sourceTree = "<group>"; };
		60A15CBC1DE52D79001A9BB4 /* TesseractSwift.h */ = {isa = PBXFileReference; fileEncoding = 4; lastKnownFileType = sourcecode.c.h; path = TesseractSwift.h; sourceTree = "<group>"; };
/* End PBXFileReference section */

/* Begin PBXFrameworksBuildPhase section */
		605E5BB21DE4946100521E83 /* Frameworks */ = {
			isa = PBXFrameworksBuildPhase;
			buildActionMask = 2147483647;
			files = (
			);
			runOnlyForDeploymentPostprocessing = 0;
		};
		605E5BC61DE4946200521E83 /* Frameworks */ = {
			isa = PBXFrameworksBuildPhase;
			buildActionMask = 2147483647;
			files = (
			);
			runOnlyForDeploymentPostprocessing = 0;
		};
		605E5BD11DE4946200521E83 /* Frameworks */ = {
			isa = PBXFrameworksBuildPhase;
			buildActionMask = 2147483647;
			files = (
			);
			runOnlyForDeploymentPostprocessing = 0;
		};
/* End PBXFrameworksBuildPhase section */

/* Begin PBXGroup section */
		605E5BAC1DE4946100521E83 = {
			isa = PBXGroup;
			children = (
				605E5BB71DE4946100521E83 /* Tesseract */,
				605E5BCC1DE4946200521E83 /* TesseractTests */,
				605E5BD71DE4946200521E83 /* TesseractUITests */,
				605E5BB61DE4946100521E83 /* Products */,
			);
			sourceTree = "<group>";
		};
		605E5BB61DE4946100521E83 /* Products */ = {
			isa = PBXGroup;
			children = (
				605E5BB51DE4946100521E83 /* Tesseract.app */,
				605E5BC91DE4946200521E83 /* TesseractTests.xctest */,
				605E5BD41DE4946200521E83 /* TesseractUITests.xctest */,
			);
			name = Products;
			sourceTree = "<group>";
		};
		605E5BB71DE4946100521E83 /* Tesseract */ = {
			isa = PBXGroup;
			children = (
				60A15CBC1DE52D79001A9BB4 /* TesseractSwift.h */,
				60A15CBA1DE52D6E001A9BB4 /* Info.plist */,
				605E5BE61DE4958400521E83 /* Macros.swift */,
			);
			path = Tesseract;
			sourceTree = "<group>";
		};
		605E5BCC1DE4946200521E83 /* TesseractTests */ = {
			isa = PBXGroup;
			children = (
				605E5BCD1DE4946200521E83 /* TesseractTests.swift */,
				605E5BCF1DE4946200521E83 /* Info.plist */,
			);
			path = TesseractTests;
			sourceTree = "<group>";
		};
		605E5BD71DE4946200521E83 /* TesseractUITests */ = {
			isa = PBXGroup;
			children = (
				605E5BD81DE4946200521E83 /* TesseractUITests.swift */,
				605E5BDA1DE4946200521E83 /* Info.plist */,
			);
			path = TesseractUITests;
			sourceTree = "<group>";
		};
/* End PBXGroup section */

/* Begin PBXNativeTarget section */
		605E5BB41DE4946100521E83 /* Tesseract */ = {
			isa = PBXNativeTarget;
			buildConfigurationList = 605E5BDD1DE4946200521E83 /* Build configuration list for PBXNativeTarget "Tesseract" */;
			buildPhases = (
				605E5BB11DE4946100521E83 /* Sources */,
				605E5BB21DE4946100521E83 /* Frameworks */,
				605E5BB31DE4946100521E83 /* Resources */,
			);
			buildRules = (
			);
			dependencies = (
			);
			name = Tesseract;
			productName = Tesseract;
			productReference = 605E5BB51DE4946100521E83 /* Tesseract.app */;
			productType = "com.apple.product-type.application";
		};
		605E5BC81DE4946200521E83 /* TesseractTests */ = {
			isa = PBXNativeTarget;
			buildConfigurationList = 605E5BE01DE4946200521E83 /* Build configuration list for PBXNativeTarget "TesseractTests" */;
			buildPhases = (
				605E5BC51DE4946200521E83 /* Sources */,
				605E5BC61DE4946200521E83 /* Frameworks */,
				605E5BC71DE4946200521E83 /* Resources */,
			);
			buildRules = (
			);
			dependencies = (
				605E5BCB1DE4946200521E83 /* PBXTargetDependency */,
			);
			name = TesseractTests;
			productName = TesseractTests;
			productReference = 605E5BC91DE4946200521E83 /* TesseractTests.xctest */;
			productType = "com.apple.product-type.bundle.unit-test";
		};
		605E5BD31DE4946200521E83 /* TesseractUITests */ = {
			isa = PBXNativeTarget;
			buildConfigurationList = 605E5BE31DE4946200521E83 /* Build configuration list for PBXNativeTarget "TesseractUITests" */;
			buildPhases = (
				605E5BD01DE4946200521E83 /* Sources */,
				605E5BD11DE4946200521E83 /* Frameworks */,
				605E5BD21DE4946200521E83 /* Resources */,
			);
			buildRules = (
			);
			dependencies = (
				605E5BD61DE4946200521E83 /* PBXTargetDependency */,
			);
			name = TesseractUITests;
			productName = TesseractUITests;
			productReference = 605E5BD41DE4946200521E83 /* TesseractUITests.xctest */;
			productType = "com.apple.product-type.bundle.ui-testing";
		};
/* End PBXNativeTarget section */

/* Begin PBXProject section */
		605E5BAD1DE4946100521E83 /* Project object */ = {
			isa = PBXProject;
			attributes = {
				LastSwiftUpdateCheck = 0820;
				LastUpgradeCheck = 0820;
				ORGANIZATIONNAME = "Axel Ros Campaña";
				TargetAttributes = {
					605E5BB41DE4946100521E83 = {
						CreatedOnToolsVersion = 8.2;
						DevelopmentTeam = 8B44E6693A;
						LastSwiftMigration = 0820;
						ProvisioningStyle = Automatic;
					};
					605E5BC81DE4946200521E83 = {
						CreatedOnToolsVersion = 8.2;
						DevelopmentTeam = 8B44E6693A;
						ProvisioningStyle = Automatic;
						TestTargetID = 605E5BB41DE4946100521E83;
					};
					605E5BD31DE4946200521E83 = {
						CreatedOnToolsVersion = 8.2;
						DevelopmentTeam = 8B44E6693A;
						ProvisioningStyle = Automatic;
						TestTargetID = 605E5BB41DE4946100521E83;
					};
				};
			};
			buildConfigurationList = 605E5BB01DE4946100521E83 /* Build configuration list for PBXProject "Tesseract" */;
			compatibilityVersion = "Xcode 3.2";
			developmentRegion = English;
			hasScannedForEncodings = 0;
			knownRegions = (
				en,
				Base,
			);
			mainGroup = 605E5BAC1DE4946100521E83;
			productRefGroup = 605E5BB61DE4946100521E83 /* Products */;
			projectDirPath = "";
			projectRoot = "";
			targets = (
				605E5BB41DE4946100521E83 /* Tesseract */,
				605E5BC81DE4946200521E83 /* TesseractTests */,
				605E5BD31DE4946200521E83 /* TesseractUITests */,
			);
		};
/* End PBXProject section */

/* Begin PBXResourcesBuildPhase section */
		605E5BB31DE4946100521E83 /* Resources */ = {
			isa = PBXResourcesBuildPhase;
			buildActionMask = 2147483647;
			files = (
				60A15CBB1DE52D6E001A9BB4 /* Info.plist in Resources */,
			);
			runOnlyForDeploymentPostprocessing = 0;
		};
		605E5BC71DE4946200521E83 /* Resources */ = {
			isa = PBXResourcesBuildPhase;
			buildActionMask = 2147483647;
			files = (
			);
			runOnlyForDeploymentPostprocessing = 0;
		};
		605E5BD21DE4946200521E83 /* Resources */ = {
			isa = PBXResourcesBuildPhase;
			buildActionMask = 2147483647;
			files = (
			);
			runOnlyForDeploymentPostprocessing = 0;
		};
/* End PBXResourcesBuildPhase section */

/* Begin PBXSourcesBuildPhase section */
		605E5BB11DE4946100521E83 /* Sources */ = {
			isa = PBXSourcesBuildPhase;
			buildActionMask = 2147483647;
			files = (
				605E5BE71DE4958400521E83 /* Macros.swift in Sources */,
			);
			runOnlyForDeploymentPostprocessing = 0;
		};
		605E5BC51DE4946200521E83 /* Sources */ = {
			isa = PBXSourcesBuildPhase;
			buildActionMask = 2147483647;
			files = (
				605E5BCE1DE4946200521E83 /* TesseractTests.swift in Sources */,
			);
			runOnlyForDeploymentPostprocessing = 0;
		};
		605E5BD01DE4946200521E83 /* Sources */ = {
			isa = PBXSourcesBuildPhase;
			buildActionMask = 2147483647;
			files = (
				605E5BD91DE4946200521E83 /* TesseractUITests.swift in Sources */,
			);
			runOnlyForDeploymentPostprocessing = 0;
		};
/* End PBXSourcesBuildPhase section */

/* Begin PBXTargetDependency section */
		605E5BCB1DE4946200521E83 /* PBXTargetDependency */ = {
			isa = PBXTargetDependency;
			target = 605E5BB41DE4946100521E83 /* Tesseract */;
			targetProxy = 605E5BCA1DE4946200521E83 /* PBXContainerItemProxy */;
		};
		605E5BD61DE4946200521E83 /* PBXTargetDependency */ = {
			isa = PBXTargetDependency;
			target = 605E5BB41DE4946100521E83 /* Tesseract */;
			targetProxy = 605E5BD51DE4946200521E83 /* PBXContainerItemProxy */;
		};
/* End PBXTargetDependency section */

/* Begin XCBuildConfiguration section */
		605E5BDB1DE4946200521E83 /* Debug */ = {
			isa = XCBuildConfiguration;
			buildSettings = {
				ALWAYS_SEARCH_USER_PATHS = NO;
				CLANG_ANALYZER_NONNULL = YES;
				CLANG_CXX_LANGUAGE_STANDARD = "gnu++0x";
				CLANG_CXX_LIBRARY = "libc++";
				CLANG_ENABLE_MODULES = YES;
				CLANG_ENABLE_OBJC_ARC = YES;
				CLANG_WARN_BOOL_CONVERSION = YES;
				CLANG_WARN_CONSTANT_CONVERSION = YES;
				CLANG_WARN_DIRECT_OBJC_ISA_USAGE = YES_ERROR;
				CLANG_WARN_DOCUMENTATION_COMMENTS = YES;
				CLANG_WARN_EMPTY_BODY = YES;
				CLANG_WARN_ENUM_CONVERSION = YES;
				CLANG_WARN_INFINITE_RECURSION = YES;
				CLANG_WARN_INT_CONVERSION = YES;
				CLANG_WARN_OBJC_ROOT_CLASS = YES_ERROR;
				CLANG_WARN_SUSPICIOUS_MOVE = YES;
				CLANG_WARN_UNREACHABLE_CODE = YES;
				CLANG_WARN__DUPLICATE_METHOD_MATCH = YES;
				"CODE_SIGN_IDENTITY[sdk=iphoneos*]" = "iPhone Developer";
				COPY_PHASE_STRIP = NO;
				DEBUG_INFORMATION_FORMAT = dwarf;
				ENABLE_STRICT_OBJC_MSGSEND = YES;
				ENABLE_TESTABILITY = YES;
				GCC_C_LANGUAGE_STANDARD = gnu99;
				GCC_DYNAMIC_NO_PIC = NO;
				GCC_NO_COMMON_BLOCKS = YES;
				GCC_OPTIMIZATION_LEVEL = 0;
				GCC_PREPROCESSOR_DEFINITIONS = (
					"DEBUG=1",
					"$(inherited)",
				);
				GCC_WARN_64_TO_32_BIT_CONVERSION = YES;
				GCC_WARN_ABOUT_RETURN_TYPE = YES_ERROR;
				GCC_WARN_UNDECLARED_SELECTOR = YES;
				GCC_WARN_UNINITIALIZED_AUTOS = YES_AGGRESSIVE;
				GCC_WARN_UNUSED_FUNCTION = YES;
				GCC_WARN_UNUSED_VARIABLE = YES;
				IPHONEOS_DEPLOYMENT_TARGET = 10.2;
				MTL_ENABLE_DEBUG_INFO = YES;
				ONLY_ACTIVE_ARCH = YES;
				SDKROOT = iphoneos;
				SWIFT_ACTIVE_COMPILATION_CONDITIONS = DEBUG;
				SWIFT_OPTIMIZATION_LEVEL = "-Onone";
				TARGETED_DEVICE_FAMILY = "1,2";
			};
			name = Debug;
		};
		605E5BDC1DE4946200521E83 /* Release */ = {
			isa = XCBuildConfiguration;
			buildSettings = {
				ALWAYS_SEARCH_USER_PATHS = NO;
				CLANG_ANALYZER_NONNULL = YES;
				CLANG_CXX_LANGUAGE_STANDARD = "gnu++0x";
				CLANG_CXX_LIBRARY = "libc++";
				CLANG_ENABLE_MODULES = YES;
				CLANG_ENABLE_OBJC_ARC = YES;
				CLANG_WARN_BOOL_CONVERSION = YES;
				CLANG_WARN_CONSTANT_CONVERSION = YES;
				CLANG_WARN_DIRECT_OBJC_ISA_USAGE = YES_ERROR;
				CLANG_WARN_DOCUMENTATION_COMMENTS = YES;
				CLANG_WARN_EMPTY_BODY = YES;
				CLANG_WARN_ENUM_CONVERSION = YES;
				CLANG_WARN_INFINITE_RECURSION = YES;
				CLANG_WARN_INT_CONVERSION = YES;
				CLANG_WARN_OBJC_ROOT_CLASS = YES_ERROR;
				CLANG_WARN_SUSPICIOUS_MOVE = YES;
				CLANG_WARN_UNREACHABLE_CODE = YES;
				CLANG_WARN__DUPLICATE_METHOD_MATCH = YES;
				"CODE_SIGN_IDENTITY[sdk=iphoneos*]" = "iPhone Developer";
				COPY_PHASE_STRIP = NO;
				DEBUG_INFORMATION_FORMAT = "dwarf-with-dsym";
				ENABLE_NS_ASSERTIONS = NO;
				ENABLE_STRICT_OBJC_MSGSEND = YES;
				GCC_C_LANGUAGE_STANDARD = gnu99;
				GCC_NO_COMMON_BLOCKS = YES;
				GCC_WARN_64_TO_32_BIT_CONVERSION = YES;
				GCC_WARN_ABOUT_RETURN_TYPE = YES_ERROR;
				GCC_WARN_UNDECLARED_SELECTOR = YES;
				GCC_WARN_UNINITIALIZED_AUTOS = YES_AGGRESSIVE;
				GCC_WARN_UNUSED_FUNCTION = YES;
				GCC_WARN_UNUSED_VARIABLE = YES;
				IPHONEOS_DEPLOYMENT_TARGET = 10.2;
				MTL_ENABLE_DEBUG_INFO = NO;
				SDKROOT = iphoneos;
				SWIFT_OPTIMIZATION_LEVEL = "-Owholemodule";
				TARGETED_DEVICE_FAMILY = "1,2";
				VALIDATE_PRODUCT = YES;
			};
			name = Release;
		};
		605E5BDE1DE4946200521E83 /* Debug */ = {
			isa = XCBuildConfiguration;
			buildSettings = {
				ASSETCATALOG_COMPILER_APPICON_NAME = AppIcon;
				CLANG_ENABLE_MODULES = YES;
				DEVELOPMENT_TEAM = 8B44E6693A;
				INFOPLIST_FILE = Tesseract/Info.plist;
				LD_RUNPATH_SEARCH_PATHS = "$(inherited) @executable_path/Frameworks";
				PRODUCT_BUNDLE_IDENTIFIER = com.actilot.Tesseract;
				PRODUCT_NAME = "$(TARGET_NAME)";
				SWIFT_OPTIMIZATION_LEVEL = "-Onone";
				SWIFT_VERSION = 3.0;
			};
			name = Debug;
		};
		605E5BDF1DE4946200521E83 /* Release */ = {
			isa = XCBuildConfiguration;
			buildSettings = {
				ASSETCATALOG_COMPILER_APPICON_NAME = AppIcon;
				CLANG_ENABLE_MODULES = YES;
				DEVELOPMENT_TEAM = 8B44E6693A;
				INFOPLIST_FILE = Tesseract/Info.plist;
				LD_RUNPATH_SEARCH_PATHS = "$(inherited) @executable_path/Frameworks";
				PRODUCT_BUNDLE_IDENTIFIER = com.actilot.Tesseract;
				PRODUCT_NAME = "$(TARGET_NAME)";
				SWIFT_VERSION = 3.0;
			};
			name = Release;
		};
		605E5BE11DE4946200521E83 /* Debug */ = {
			isa = XCBuildConfiguration;
			buildSettings = {
				ALWAYS_EMBED_SWIFT_STANDARD_LIBRARIES = YES;
				BUNDLE_LOADER = "$(TEST_HOST)";
				DEVELOPMENT_TEAM = 8B44E6693A;
				INFOPLIST_FILE = TesseractTests/Info.plist;
				LD_RUNPATH_SEARCH_PATHS = "$(inherited) @executable_path/Frameworks @loader_path/Frameworks";
				PRODUCT_BUNDLE_IDENTIFIER = com.actilot.TesseractTests;
				PRODUCT_NAME = "$(TARGET_NAME)";
				SWIFT_VERSION = 3.0;
				TEST_HOST = "$(BUILT_PRODUCTS_DIR)/Tesseract.app/Tesseract";
			};
			name = Debug;
		};
		605E5BE21DE4946200521E83 /* Release */ = {
			isa = XCBuildConfiguration;
			buildSettings = {
				ALWAYS_EMBED_SWIFT_STANDARD_LIBRARIES = YES;
				BUNDLE_LOADER = "$(TEST_HOST)";
				DEVELOPMENT_TEAM = 8B44E6693A;
				INFOPLIST_FILE = TesseractTests/Info.plist;
				LD_RUNPATH_SEARCH_PATHS = "$(inherited) @executable_path/Frameworks @loader_path/Frameworks";
				PRODUCT_BUNDLE_IDENTIFIER = com.actilot.TesseractTests;
				PRODUCT_NAME = "$(TARGET_NAME)";
				SWIFT_VERSION = 3.0;
				TEST_HOST = "$(BUILT_PRODUCTS_DIR)/Tesseract.app/Tesseract";
			};
			name = Release;
		};
		605E5BE41DE4946200521E83 /* Debug */ = {
			isa = XCBuildConfiguration;
			buildSettings = {
				ALWAYS_EMBED_SWIFT_STANDARD_LIBRARIES = YES;
				DEVELOPMENT_TEAM = 8B44E6693A;
				INFOPLIST_FILE = TesseractUITests/Info.plist;
				LD_RUNPATH_SEARCH_PATHS = "$(inherited) @executable_path/Frameworks @loader_path/Frameworks";
				PRODUCT_BUNDLE_IDENTIFIER = com.actilot.TesseractUITests;
				PRODUCT_NAME = "$(TARGET_NAME)";
				SWIFT_VERSION = 3.0;
				TEST_TARGET_NAME = Tesseract;
			};
			name = Debug;
		};
		605E5BE51DE4946200521E83 /* Release */ = {
			isa = XCBuildConfiguration;
			buildSettings = {
				ALWAYS_EMBED_SWIFT_STANDARD_LIBRARIES = YES;
				DEVELOPMENT_TEAM = 8B44E6693A;
				INFOPLIST_FILE = TesseractUITests/Info.plist;
				LD_RUNPATH_SEARCH_PATHS = "$(inherited) @executable_path/Frameworks @loader_path/Frameworks";
				PRODUCT_BUNDLE_IDENTIFIER = com.actilot.TesseractUITests;
				PRODUCT_NAME = "$(TARGET_NAME)";
				SWIFT_VERSION = 3.0;
				TEST_TARGET_NAME = Tesseract;
			};
			name = Release;
		};
/* End XCBuildConfiguration section */

/* Begin XCConfigurationList section */
		605E5BB01DE4946100521E83 /* Build configuration list for PBXProject "Tesseract" */ = {
			isa = XCConfigurationList;
			buildConfigurations = (
				605E5BDB1DE4946200521E83 /* Debug */,
				605E5BDC1DE4946200521E83 /* Release */,
			);
			defaultConfigurationIsVisible = 0;
			defaultConfigurationName = Release;
		};
		605E5BDD1DE4946200521E83 /* Build configuration list for PBXNativeTarget "Tesseract" */ = {
			isa = XCConfigurationList;
			buildConfigurations = (
				605E5BDE1DE4946200521E83 /* Debug */,
				605E5BDF1DE4946200521E83 /* Release */,
			);
			defaultConfigurationIsVisible = 0;
			defaultConfigurationName = Release;
		};
		605E5BE01DE4946200521E83 /* Build configuration list for PBXNativeTarget "TesseractTests" */ = {
			isa = XCConfigurationList;
			buildConfigurations = (
				605E5BE11DE4946200521E83 /* Debug */,
				605E5BE21DE4946200521E83 /* Release */,
			);
			defaultConfigurationIsVisible = 0;
			defaultConfigurationName = Release;
		};
		605E5BE31DE4946200521E83 /* Build configuration list for PBXNativeTarget "TesseractUITests" */ = {
			isa = XCConfigurationList;
			buildConfigurations = (
				605E5BE41DE4946200521E83 /* Debug */,
				605E5BE51DE4946200521E83 /* Release */,
			);
			defaultConfigurationIsVisible = 0;
			defaultConfigurationName = Release;
		};
/* End XCConfigurationList section */
	};
	rootObject = 605E5BAD1DE4946100521E83 /* Project object */;
}
